Microsoft Visual Studio Solution File, Format Version 12.00
# Visual Studio Version 17
VisualStudioVersion = 17.5.2.0
MinimumVisualStudioVersion = 10.0.40219.1
Project("{FAE04EC0-301F-11D3-BF4B-00C04F79EFBC}") = "WeatherForecastMoscow.Api", "WeatherForecastMoscow.Api\WeatherForecastMoscow.Api.csproj", "{44BC1791-4D93-FA49-47B4-4AB0E6E451CB}"
EndProject
Global
	GlobalSection(SolutionConfigurationPlatforms) = preSolution
		Debug|Any CPU = Debug|Any CPU
		Release|Any CPU = Release|Any CPU
	EndGlobalSection
	GlobalSection(ProjectConfigurationPlatforms) = postSolution
		{44BC1791-4D93-FA49-47B4-4AB0E6E451CB}.Debug|Any CPU.ActiveCfg = Debug|Any CPU
		{44BC1791-4D93-FA49-47B4-4AB0E6E451CB}.Debug|Any CPU.Build.0 = Debug|Any CPU
		{44BC1791-4D93-FA49-47B4-4AB0E6E451CB}.Release|Any CPU.ActiveCfg = Release|Any CPU
		{44BC1791-4D93-FA49-47B4-4AB0E6E451CB}.Release|Any CPU.Build.0 = Release|Any CPU
	EndGlobalSection
	GlobalSection(SolutionProperties) = preSolution
		HideSolutionNode = FALSE
	EndGlobalSection
	GlobalSection(ExtensibilityGlobals) = postSolution
		SolutionGuid = {B3FD09D7-0348-45B9-AAF9-6923B3D48F76}
	EndGlobalSection
EndGlobal
